
Microsoft Visual Studio Solution File, Format Version 12.00
# Visual Studio Version 17
VisualStudioVersion = 17.12.35514.174 d17.12
MinimumVisualStudioVersion = 10.0.40219.1
Project("{FAE04EC0-301F-11D3-BF4B-00C04F79EFBC}") = "Ramz Elktear", "Ramz Elktear\Ramz Elktear.csproj", "{AFB1B9CB-9F83-433A-9CC4-85B57F783CF1}"
	ProjectSection(ProjectDependencies) = postProject
		{12E9FE7F-386D-442F-87EF-456827202B89} = {12E9FE7F-386D-442F-87EF-456827202B89}
		{CC57CC4D-DCC4-4F76-8034-741F0C30893A} = {CC57CC4D-DCC4-4F76-8034-741F0C30893A}
		{D490F465-A207-4E4B-B93A-CB17F080307C} = {D490F465-A207-4E4B-B93A-CB17F080307C}
	EndProjectSection
EndProject
Project("{FAE04EC0-301F-11D3-BF4B-00C04F79EFBC}") = "Ramz Elktear.core", "Ramz Elktear.core\Ramz Elktear.core.csproj", "{CC57CC4D-DCC4-4F76-8034-741F0C30893A}"
EndProject
Project("{FAE04EC0-301F-11D3-BF4B-00C04F79EFBC}") = "Ramz Elktear.RepositoryLayer", "Ramz Elktear.RepositoryLayer\Ramz Elktear.RepositoryLayer.csproj", "{D490F465-A207-4E4B-B93A-CB17F080307C}"
	ProjectSection(ProjectDependencies) = postProject
		{CC57CC4D-DCC4-4F76-8034-741F0C30893A} = {CC57CC4D-DCC4-4F76-8034-741F0C30893A}
	EndProjectSection
EndProject
Project("{FAE04EC0-301F-11D3-BF4B-00C04F79EFBC}") = "Ramz Elktear.BusinessLayer", "Ramz Elktear.BusinessLayer\Ramz Elktear.BusinessLayer.csproj", "{12E9FE7F-386D-442F-87EF-456827202B89}"
	ProjectSection(ProjectDependencies) = postProject
		{CC57CC4D-DCC4-4F76-8034-741F0C30893A} = {CC57CC4D-DCC4-4F76-8034-741F0C30893A}
		{D490F465-A207-4E4B-B93A-CB17F080307C} = {D490F465-A207-4E4B-B93A-CB17F080307C}
	EndProjectSection
EndProject
Global
	GlobalSection(SolutionConfigurationPlatforms) = preSolution
		Debug|Any CPU = Debug|Any CPU
		Release|Any CPU = Release|Any CPU
	EndGlobalSection
	GlobalSection(ProjectConfigurationPlatforms) = postSolution
		{AFB1B9CB-9F83-433A-9CC4-85B57F783CF1}.Debug|Any CPU.ActiveCfg = Debug|Any CPU
		{AFB1B9CB-9F83-433A-9CC4-85B57F783CF1}.Debug|Any CPU.Build.0 = Debug|Any CPU
		{AFB1B9CB-9F83-433A-9CC4-85B57F783CF1}.Release|Any CPU.ActiveCfg = Release|Any CPU
		{AFB1B9CB-9F83-433A-9CC4-85B57F783CF1}.Release|Any CPU.Build.0 = Release|Any CPU
		{CC57CC4D-DCC4-4F76-8034-741F0C30893A}.Debug|Any CPU.ActiveCfg = Debug|Any CPU
		{CC57CC4D-DCC4-4F76-8034-741F0C30893A}.Debug|Any CPU.Build.0 = Debug|Any CPU
		{CC57CC4D-DCC4-4F76-8034-741F0C30893A}.Release|Any CPU.ActiveCfg = Release|Any CPU
		{CC57CC4D-DCC4-4F76-8034-741F0C30893A}.Release|Any CPU.Build.0 = Release|Any CPU
		{D490F465-A207-4E4B-B93A-CB17F080307C}.Debug|Any CPU.ActiveCfg = Debug|Any CPU
		{D490F465-A207-4E4B-B93A-CB17F080307C}.Debug|Any CPU.Build.0 = Debug|Any CPU
		{D490F465-A207-4E4B-B93A-CB17F080307C}.Release|Any CPU.ActiveCfg = Release|Any CPU
		{D490F465-A207-4E4B-B93A-CB17F080307C}.Release|Any CPU.Build.0 = Release|Any CPU
		{12E9FE7F-386D-442F-87EF-456827202B89}.Debug|Any CPU.ActiveCfg = Debug|Any CPU
		{12E9FE7F-386D-442F-87EF-456827202B89}.Debug|Any CPU.Build.0 = Debug|Any CPU
		{12E9FE7F-386D-442F-87EF-456827202B89}.Release|Any CPU.ActiveCfg = Release|Any CPU
		{12E9FE7F-386D-442F-87EF-456827202B89}.Release|Any CPU.Build.0 = Release|Any CPU
	EndGlobalSection
	GlobalSection(SolutionProperties) = preSolution
		HideSolutionNode = FALSE
	EndGlobalSection
EndGlobal
